
Microsoft Visual Studio Solution File, Format Version 11.00
# Visual Studio 2010
Project("{FAE04EC0-301F-11D3-BF4B-00C04F79EFBC}") = "Syncfusion.UITest.GridCommunication_2010", "Syncfusion.UITest.GridCommunication_2010.csproj", "{58890006-4ADC-4093-A729-74663226D8B1}"
EndProject
Global
	GlobalSection(SolutionConfigurationPlatforms) = preSolution
		Debug|Any CPU = Debug|Any CPU
		Debug-XML|Any CPU = Debug-XML|Any CPU
		Release|Any CPU = Release|Any CPU
		Release-XML|Any CPU = Release-XML|Any CPU
	EndGlobalSection
	GlobalSection(ProjectConfigurationPlatforms) = postSolution
		{58890006-4ADC-4093-A729-74663226D8B1}.Debug|Any CPU.ActiveCfg = Debug|Any CPU
		{58890006-4ADC-4093-A729-74663226D8B1}.Debug|Any CPU.Build.0 = Debug|Any CPU
		{58890006-4ADC-4093-A729-74663226D8B1}.Debug-XML|Any CPU.ActiveCfg = Debug_XML|Any CPU
		{58890006-4ADC-4093-A729-74663226D8B1}.Debug-XML|Any CPU.Build.0 = Debug_XML|Any CPU
		{58890006-4ADC-4093-A729-74663226D8B1}.Release|Any CPU.ActiveCfg = Release|Any CPU
		{58890006-4ADC-4093-A729-74663226D8B1}.Release|Any CPU.Build.0 = Release|Any CPU
		{58890006-4ADC-4093-A729-74663226D8B1}.Release-XML|Any CPU.ActiveCfg = Release-XML|Any CPU
		{58890006-4ADC-4093-A729-74663226D8B1}.Release-XML|Any CPU.Build.0 = Release-XML|Any CPU
	EndGlobalSection
	GlobalSection(SolutionProperties) = preSolution
		HideSolutionNode = FALSE
	EndGlobalSection
EndGlobal
